
Microsoft Visual Studio Solution File, Format Version 12.00
# Visual Studio Version 16
VisualStudioVersion = 16.0.31129.286
MinimumVisualStudioVersion = 10.0.40219.1
Project("{FAE04EC0-301F-11D3-BF4B-00C04F79EFBC}") = "testing_web_app", "testing_web_app\testing_web_app.csproj", "{3C5212EE-3D46-4AEC-A084-C20B1BFBEEC9}"
EndProject
Global
	GlobalSection(SolutionConfigurationPlatforms) = preSolution
		Debug|Any CPU = Debug|Any CPU
		Release|Any CPU = Release|Any CPU
	EndGlobalSection
	GlobalSection(ProjectConfigurationPlatforms) = postSolution
		{3C5212EE-3D46-4AEC-A084-C20B1BFBEEC9}.Debug|Any CPU.ActiveCfg = Debug|Any CPU
		{3C5212EE-3D46-4AEC-A084-C20B1BFBEEC9}.Debug|Any CPU.Build.0 = Debug|Any CPU
		{3C5212EE-3D46-4AEC-A084-C20B1BFBEEC9}.Release|Any CPU.ActiveCfg = Release|Any CPU
		{3C5212EE-3D46-4AEC-A084-C20B1BFBEEC9}.Release|Any CPU.Build.0 = Release|Any CPU
	EndGlobalSection
	GlobalSection(SolutionProperties) = preSolution
		HideSolutionNode = FALSE
	EndGlobalSection
	GlobalSection(ExtensibilityGlobals) = postSolution
		SolutionGuid = {915CFBFD-D3E0-42EC-8F67-E9771BEA318D}
	EndGlobalSection
EndGlobal
